// !$*UTF8*$!
{
	archiveVersion = 1;
	classes = {
	};
	objectVersion = 77;
	objects = {

/* Begin PBXContainerItemProxy section */
		6E8446032E4B8F3E0034C5C9 /* PBXContainerItemProxy */ = {
			isa = PBXContainerItemProxy;
			containerPortal = 6E8445ED2E4B8F3C0034C5C9 /* Project object */;
			proxyType = 1;
			remoteGlobalIDString = 6E8445F42E4B8F3C0034C5C9;
			remoteInfo = "Simple-something";
		};
		6E84460D2E4B8F3E0034C5C9 /* PBXContainerItemProxy */ = {
			isa = PBXContainerItemProxy;
			containerPortal = 6E8445ED2E4B8F3C0034C5C9 /* Project object */;
			proxyType = 1;
			remoteGlobalIDString = 6E8445F42E4B8F3C0034C5C9;
			remoteInfo = "Simple-something";
		};
/* End PBXContainerItemProxy section */

/* Begin PBXFileReference section */
		6E8445F52E4B8F3C0034C5C9 /* Simple-something.app */ = {isa = PBXFileReference; explicitFileType = wrapper.application; includeInIndex = 0; path = "Simple-something.app"; sourceTree = BUILT_PRODUCTS_DIR; };
		6E8446022E4B8F3E0034C5C9 /* Simple-somethingTests.xctest */ = {isa = PBXFileReference; explicitFileType = wrapper.cfbundle; includeInIndex = 0; path = "Simple-somethingTests.xctest"; sourceTree = BUILT_PRODUCTS_DIR; };
		6E84460C2E4B8F3E0034C5C9 /* Simple-somethingUITests.xctest */ = {isa = PBXFileReference; explicitFileType = wrapper.cfbundle; includeInIndex = 0; path = "Simple-somethingUITests.xctest"; sourceTree = BUILT_PRODUCTS_DIR; };
/* End PBXFileReference section */

/* Begin PBXFileSystemSynchronizedBuildFileExceptionSet section */
		6E84463D2E4C7D370034C5C9 /* Exceptions for "Simple-something" folder in "Simple-somethingTests" target */ = {
			isa = PBXFileSystemSynchronizedBuildFileExceptionSet;
			membershipExceptions = (
				Engines/CoreDataStack.swift,
				Engines/NavigationManager.swift,
				Engines/PreviewHelper.swift,
				Model.xcdatamodeld,
				Views/ChatContentView.swift,
				Views/ChatEditView.swift,
				Views/MessageView.swift,
				Views/SettingsView.swift,
			);
			target = 6E8446012E4B8F3E0034C5C9 /* Simple-somethingTests */;
		};
/* End PBXFileSystemSynchronizedBuildFileExceptionSet section */

/* Begin PBXFileSystemSynchronizedRootGroup section */
		6E8445F72E4B8F3C0034C5C9 /* Simple-something */ = {
			isa = PBXFileSystemSynchronizedRootGroup;
			exceptions = (
				6E84463D2E4C7D370034C5C9 /* Exceptions for "Simple-something" folder in "Simple-somethingTests" target */,
			);
			path = "Simple-something";
			sourceTree = "<group>";
		};
		6E8446052E4B8F3E0034C5C9 /* Simple-somethingTests */ = {
			isa = PBXFileSystemSynchronizedRootGroup;
			path = "Simple-somethingTests";
			sourceTree = "<group>";
		};
		6E84460F2E4B8F3E0034C5C9 /* Simple-somethingUITests */ = {
			isa = PBXFileSystemSynchronizedRootGroup;
			path = "Simple-somethingUITests";
			sourceTree = "<group>";
		};
/* End PBXFileSystemSynchronizedRootGroup section */

/* Begin PBXFrameworksBuildPhase section */
		6E8445F22E4B8F3C0034C5C9 /* Frameworks */ = {
			isa = PBXFrameworksBuildPhase;
			buildActionMask = 2147483647;
			files = (
			);
			runOnlyForDeploymentPostprocessing = 0;
		};
		6E8445FF2E4B8F3E0034C5C9 /* Frameworks */ = {
			isa = PBXFrameworksBuildPhase;
			buildActionMask = 2147483647;
			files = (
			);
			runOnlyForDeploymentPostprocessing = 0;
		};
		6E8446092E4B8F3E0034C5C9 /* Frameworks */ = {
			isa = PBXFrameworksBuildPhase;
			buildActionMask = 2147483647;
			files = (
			);
			runOnlyForDeploymentPostprocessing = 0;
		};
/* End PBXFrameworksBuildPhase section */

/* Begin PBXGroup section */
		6E8445EC2E4B8F3C0034C5C9 = {
			isa = PBXGroup;
			children = (
				6E8445F72E4B8F3C0034C5C9 /* Simple-something */,
				6E8446052E4B8F3E0034C5C9 /* Simple-somethingTests */,
				6E84460F2E4B8F3E0034C5C9 /* Simple-somethingUITests */,
				6E8445F62E4B8F3C0034C5C9 /* Products */,
			);
			sourceTree = "<group>";
		};
		6E8445F62E4B8F3C0034C5C9 /* Products */ = {
			isa = PBXGroup;
			children = (
				6E8445F52E4B8F3C0034C5C9 /* Simple-something.app */,
				6E8446022E4B8F3E0034C5C9 /* Simple-somethingTests.xctest */,
				6E84460C2E4B8F3E0034C5C9 /* Simple-somethingUITests.xctest */,
			);
			name = Products;
			sourceTree = "<group>";
		};
/* End PBXGroup section */

/* Begin PBXNativeTarget section */
		6E8445F42E4B8F3C0034C5C9 /* Simple-something */ = {
			isa = PBXNativeTarget;
			buildConfigurationList = 6E8446162E4B8F3E0034C5C9 /* Build configuration list for PBXNativeTarget "Simple-something" */;
			buildPhases = (
				6E8445F12E4B8F3C0034C5C9 /* Sources */,
				6E8445F22E4B8F3C0034C5C9 /* Frameworks */,
				6E8445F32E4B8F3C0034C5C9 /* Resources */,
			);
			buildRules = (
			);
			dependencies = (
			);
			fileSystemSynchronizedGroups = (
				6E8445F72E4B8F3C0034C5C9 /* Simple-something */,
			);
			name = "Simple-something";
			packageProductDependencies = (
			);
			productName = "Simple-something";
			productReference = 6E8445F52E4B8F3C0034C5C9 /* Simple-something.app */;
			productType = "com.apple.product-type.application";
		};
		6E8446012E4B8F3E0034C5C9 /* Simple-somethingTests */ = {
			isa = PBXNativeTarget;
			buildConfigurationList = 6E8446192E4B8F3E0034C5C9 /* Build configuration list for PBXNativeTarget "Simple-somethingTests" */;
			buildPhases = (
				6E8445FE2E4B8F3E0034C5C9 /* Sources */,
				6E8445FF2E4B8F3E0034C5C9 /* Frameworks */,
				6E8446002E4B8F3E0034C5C9 /* Resources */,
			);
			buildRules = (
			);
			dependencies = (
				6E8446042E4B8F3E0034C5C9 /* PBXTargetDependency */,
			);
			fileSystemSynchronizedGroups = (
				6E8446052E4B8F3E0034C5C9 /* Simple-somethingTests */,
			);
			name = "Simple-somethingTests";
			packageProductDependencies = (
			);
			productName = "Simple-somethingTests";
			productReference = 6E8446022E4B8F3E0034C5C9 /* Simple-somethingTests.xctest */;
			productType = "com.apple.product-type.bundle.unit-test";
		};
		6E84460B2E4B8F3E0034C5C9 /* Simple-somethingUITests */ = {
			isa = PBXNativeTarget;
			buildConfigurationList = 6E84461C2E4B8F3E0034C5C9 /* Build configuration list for PBXNativeTarget "Simple-somethingUITests" */;
			buildPhases = (
				6E8446082E4B8F3E0034C5C9 /* Sources */,
				6E8446092E4B8F3E0034C5C9 /* Frameworks */,
				6E84460A2E4B8F3E0034C5C9 /* Resources */,
			);
			buildRules = (
			);
			dependencies = (
				6E84460E2E4B8F3E0034C5C9 /* PBXTargetDependency */,
			);
			fileSystemSynchronizedGroups = (
				6E84460F2E4B8F3E0034C5C9 /* Simple-somethingUITests */,
			);
			name = "Simple-somethingUITests";
			packageProductDependencies = (
			);
			productName = "Simple-somethingUITests";
			productReference = 6E84460C2E4B8F3E0034C5C9 /* Simple-somethingUITests.xctest */;
			productType = "com.apple.product-type.bundle.ui-testing";
		};
/* End PBXNativeTarget section */

/* Begin PBXProject section */
		6E8445ED2E4B8F3C0034C5C9 /* Project object */ = {
			isa = PBXProject;
			attributes = {
				BuildIndependentTargetsInParallel = 1;
				LastSwiftUpdateCheck = 1640;
				LastUpgradeCheck = 1640;
				TargetAttributes = {
					6E8445F42E4B8F3C0034C5C9 = {
						CreatedOnToolsVersion = 16.4;
					};
					6E8446012E4B8F3E0034C5C9 = {
						CreatedOnToolsVersion = 16.4;
						TestTargetID = 6E8445F42E4B8F3C0034C5C9;
					};
					6E84460B2E4B8F3E0034C5C9 = {
						CreatedOnToolsVersion = 16.4;
						TestTargetID = 6E8445F42E4B8F3C0034C5C9;
					};
				};
			};
			buildConfigurationList = 6E8445F02E4B8F3C0034C5C9 /* Build configuration list for PBXProject "Simple-something" */;
			developmentRegion = en;
			hasScannedForEncodings = 0;
			knownRegions = (
				en,
				Base,
			);
			mainGroup = 6E8445EC2E4B8F3C0034C5C9;
			minimizedProjectReferenceProxies = 1;
			preferredProjectObjectVersion = 77;
			productRefGroup = 6E8445F62E4B8F3C0034C5C9 /* Products */;
			projectDirPath = "";
			projectRoot = "";
			targets = (
				6E8445F42E4B8F3C0034C5C9 /* Simple-something */,
				6E8446012E4B8F3E0034C5C9 /* Simple-somethingTests */,
				6E84460B2E4B8F3E0034C5C9 /* Simple-somethingUITests */,
			);
		};
/* End PBXProject section */

/* Begin PBXResourcesBuildPhase section */
		6E8445F32E4B8F3C0034C5C9 /* Resources */ = {
			isa = PBXResourcesBuildPhase;
			buildActionMask = 2147483647;
			files = (
			);
			runOnlyForDeploymentPostprocessing = 0;
		};
		6E8446002E4B8F3E0034C5C9 /* Resources */ = {
			isa = PBXResourcesBuildPhase;
			buildActionMask = 2147483647;
			files = (
			);
			runOnlyForDeploymentPostprocessing = 0;
		};
		6E84460A2E4B8F3E0034C5C9 /* Resources */ = {
			isa = PBXResourcesBuildPhase;
			buildActionMask = 2147483647;
			files = (
			);
			runOnlyForDeploymentPostprocessing = 0;
		};
/* End PBXResourcesBuildPhase section */

/* Begin PBXSourcesBuildPhase section */
		6E8445F12E4B8F3C0034C5C9 /* Sources */ = {
			isa = PBXSourcesBuildPhase;
			buildActionMask = 2147483647;
			files = (
			);
			runOnlyForDeploymentPostprocessing = 0;
		};
		6E8445FE2E4B8F3E0034C5C9 /* Sources */ = {
			isa = PBXSourcesBuildPhase;
			buildActionMask = 2147483647;
			files = (
			);
			runOnlyForDeploymentPostprocessing = 0;
		};
		6E8446082E4B8F3E0034C5C9 /* Sources */ = {
			isa = PBXSourcesBuildPhase;
			buildActionMask = 2147483647;
			files = (
			);
			runOnlyForDeploymentPostprocessing = 0;
		};
/* End PBXSourcesBuildPhase section */

/* Begin PBXTargetDependency section */
		6E8446042E4B8F3E0034C5C9 /* PBXTargetDependency */ = {
			isa = PBXTargetDependency;
			target = 6E8445F42E4B8F3C0034C5C9 /* Simple-something */;
			targetProxy = 6E8446032E4B8F3E0034C5C9 /* PBXContainerItemProxy */;
		};
		6E84460E2E4B8F3E0034C5C9 /* PBXTargetDependency */ = {
			isa = PBXTargetDependency;
			target = 6E8445F42E4B8F3C0034C5C9 /* Simple-something */;
			targetProxy = 6E84460D2E4B8F3E0034C5C9 /* PBXContainerItemProxy */;
		};
/* End PBXTargetDependency section */

/* Begin XCBuildConfiguration section */
		6E8446142E4B8F3E0034C5C9 /* Debug */ = {
			isa = XCBuildConfiguration;
			buildSettings = {
				ALWAYS_SEARCH_USER_PATHS = NO;
				ASSETCATALOG_COMPILER_GENERATE_SWIFT_ASSET_SYMBOL_EXTENSIONS = YES;
				CLANG_ANALYZER_NONNULL = YES;
				CLANG_ANALYZER_NUMBER_OBJECT_CONVERSION = YES_AGGRESSIVE;
				CLANG_CXX_LANGUAGE_STANDARD = "gnu++20";
				CLANG_ENABLE_MODULES = YES;
				CLANG_ENABLE_OBJC_ARC = YES;
				CLANG_ENABLE_OBJC_WEAK = YES;
				CLANG_WARN_BLOCK_CAPTURE_AUTORELEASING = YES;
				CLANG_WARN_BOOL_CONVERSION = YES;
				CLANG_WARN_COMMA = YES;
				CLANG_WARN_CONSTANT_CONVERSION = YES;
				CLANG_WARN_DEPRECATED_OBJC_IMPLEMENTATIONS = YES;
				CLANG_WARN_DIRECT_OBJC_ISA_USAGE = YES_ERROR;
				CLANG_WARN_DOCUMENTATION_COMMENTS = YES;
				CLANG_WARN_EMPTY_BODY = YES;
				CLANG_WARN_ENUM_CONVERSION = YES;
				CLANG_WARN_INFINITE_RECURSION = YES;
				CLANG_WARN_INT_CONVERSION = YES;
				CLANG_WARN_NON_LITERAL_NULL_CONVERSION = YES;
				CLANG_WARN_OBJC_IMPLICIT_RETAIN_SELF = YES;
				CLANG_WARN_OBJC_LITERAL_CONVERSION = YES;
				CLANG_WARN_OBJC_ROOT_CLASS = YES_ERROR;
				CLANG_WARN_QUOTED_INCLUDE_IN_FRAMEWORK_HEADER = YES;
				CLANG_WARN_RANGE_LOOP_ANALYSIS = YES;
				CLANG_WARN_STRICT_PROTOTYPES = YES;
				CLANG_WARN_SUSPICIOUS_MOVE = YES;
				CLANG_WARN_UNGUARDED_AVAILABILITY = YES_AGGRESSIVE;
				CLANG_WARN_UNREACHABLE_CODE = YES;
				CLANG_WARN__DUPLICATE_METHOD_MATCH = YES;
				COPY_PHASE_STRIP = NO;
				DEBUG_INFORMATION_FORMAT = dwarf;
				ENABLE_STRICT_OBJC_MSGSEND = YES;
				ENABLE_TESTABILITY = YES;
				ENABLE_USER_SCRIPT_SANDBOXING = YES;
				GCC_C_LANGUAGE_STANDARD = gnu17;
				GCC_DYNAMIC_NO_PIC = NO;
				GCC_NO_COMMON_BLOCKS = YES;
				GCC_OPTIMIZATION_LEVEL = 0;
				GCC_PREPROCESSOR_DEFINITIONS = (
					"DEBUG=1",
					"$(inherited)",
				);
				GCC_WARN_64_TO_32_BIT_CONVERSION = YES;
				GCC_WARN_ABOUT_RETURN_TYPE = YES_ERROR;
				GCC_WARN_UNDECLARED_SELECTOR = YES;
				GCC_WARN_UNINITIALIZED_AUTOS = YES_AGGRESSIVE;
				GCC_WARN_UNUSED_FUNCTION = YES;
				GCC_WARN_UNUSED_VARIABLE = YES;
				IPHONEOS_DEPLOYMENT_TARGET = 18.5;
				LOCALIZATION_PREFERS_STRING_CATALOGS = YES;
				MTL_ENABLE_DEBUG_INFO = INCLUDE_SOURCE;
				MTL_FAST_MATH = YES;
				ONLY_ACTIVE_ARCH = YES;
				SDKROOT = iphoneos;
				SWIFT_ACTIVE_COMPILATION_CONDITIONS = "DEBUG $(inherited)";
				SWIFT_OPTIMIZATION_LEVEL = "-Onone";
			};
			name = Debug;
		};
		6E8446152E4B8F3E0034C5C9 /* Release */ = {
			isa = XCBuildConfiguration;
			buildSettings = {
				ALWAYS_SEARCH_USER_PATHS = NO;
				ASSETCATALOG_COMPILER_GENERATE_SWIFT_ASSET_SYMBOL_EXTENSIONS = YES;
				CLANG_ANALYZER_NONNULL = YES;
				CLANG_ANALYZER_NUMBER_OBJECT_CONVERSION = YES_AGGRESSIVE;
				CLANG_CXX_LANGUAGE_STANDARD = "gnu++20";
				CLANG_ENABLE_MODULES = YES;
				CLANG_ENABLE_OBJC_ARC = YES;
				CLANG_ENABLE_OBJC_WEAK = YES;
				CLANG_WARN_BLOCK_CAPTURE_AUTORELEASING = YES;
				CLANG_WARN_BOOL_CONVERSION = YES;
				CLANG_WARN_COMMA = YES;
				CLANG_WARN_CONSTANT_CONVERSION = YES;
				CLANG_WARN_DEPRECATED_OBJC_IMPLEMENTATIONS = YES;
				CLANG_WARN_DIRECT_OBJC_ISA_USAGE = YES_ERROR;
				CLANG_WARN_DOCUMENTATION_COMMENTS = YES;
				CLANG_WARN_EMPTY_BODY = YES;
				CLANG_WARN_ENUM_CONVERSION = YES;
				CLANG_WARN_INFINITE_RECURSION = YES;
				CLANG_WARN_INT_CONVERSION = YES;
				CLANG_WARN_NON_LITERAL_NULL_CONVERSION = YES;
				CLANG_WARN_OBJC_IMPLICIT_RETAIN_SELF = YES;
				CLANG_WARN_OBJC_LITERAL_CONVERSION = YES;
				CLANG_WARN_OBJC_ROOT_CLASS = YES_ERROR;
				CLANG_WARN_QUOTED_INCLUDE_IN_FRAMEWORK_HEADER = YES;
				CLANG_WARN_RANGE_LOOP_ANALYSIS = YES;
				CLANG_WARN_STRICT_PROTOTYPES = YES;
				CLANG_WARN_SUSPICIOUS_MOVE = YES;
				CLANG_WARN_UNGUARDED_AVAILABILITY = YES_AGGRESSIVE;
				CLANG_WARN_UNREACHABLE_CODE = YES;
				CLANG_WARN__DUPLICATE_METHOD_MATCH = YES;
				COPY_PHASE_STRIP = NO;
				DEBUG_INFORMATION_FORMAT = "dwarf-with-dsym";
				ENABLE_NS_ASSERTIONS = NO;
				ENABLE_STRICT_OBJC_MSGSEND = YES;
				ENABLE_USER_SCRIPT_SANDBOXING = YES;
				GCC_C_LANGUAGE_STANDARD = gnu17;
				GCC_NO_COMMON_BLOCKS = YES;
				GCC_WARN_64_TO_32_BIT_CONVERSION = YES;
				GCC_WARN_ABOUT_RETURN_TYPE = YES_ERROR;
				GCC_WARN_UNDECLARED_SELECTOR = YES;
				GCC_WARN_UNINITIALIZED_AUTOS = YES_AGGRESSIVE;
				GCC_WARN_UNUSED_FUNCTION = YES;
				GCC_WARN_UNUSED_VARIABLE = YES;
				IPHONEOS_DEPLOYMENT_TARGET = 18.5;
				LOCALIZATION_PREFERS_STRING_CATALOGS = YES;
				MTL_ENABLE_DEBUG_INFO = NO;
				MTL_FAST_MATH = YES;
				SDKROOT = iphoneos;
				SWIFT_COMPILATION_MODE = wholemodule;
				VALIDATE_PRODUCT = YES;
			};
			name = Release;
		};
		6E8446172E4B8F3E0034C5C9 /* Debug */ = {
			isa = XCBuildConfiguration;
			buildSettings = {
				ASSETCATALOG_COMPILER_APPICON_NAME = AppIcon;
				ASSETCATALOG_COMPILER_GLOBAL_ACCENT_COLOR_NAME = AccentColor;
				CODE_SIGN_STYLE = Automatic;
				CURRENT_PROJECT_VERSION = 1;
				ENABLE_PREVIEWS = YES;
				GENERATE_INFOPLIST_FILE = YES;
				INFOPLIST_KEY_UIApplicationSceneManifest_Generation = YES;
				INFOPLIST_KEY_UIApplicationSupportsIndirectInputEvents = YES;
				INFOPLIST_KEY_UILaunchScreen_Generation = YES;
				INFOPLIST_KEY_UISupportedInterfaceOrientations_iPad = "UIInterfaceOrientationPortrait UIInterfaceOrientationPortraitUpsideDown UIInterfaceOrientationLandscapeLeft UIInterfaceOrientationLandscapeRight";
				INFOPLIST_KEY_UISupportedInterfaceOrientations_iPhone = "UIInterfaceOrientationPortrait UIInterfaceOrientationLandscapeLeft UIInterfaceOrientationLandscapeRight";
				LD_RUNPATH_SEARCH_PATHS = (
					"$(inherited)",
					"@executable_path/Frameworks",
				);
				MARKETING_VERSION = 1.0;
				PRODUCT_BUNDLE_IDENTIFIER = "OneManTeam.Simple-something";
				PRODUCT_NAME = "$(TARGET_NAME)";
				SWIFT_EMIT_LOC_STRINGS = YES;
				SWIFT_VERSION = 5.0;
				TARGETED_DEVICE_FAMILY = "1,2";
			};
			name = Debug;
		};
		6E8446182E4B8F3E0034C5C9 /* Release */ = {
			isa = XCBuildConfiguration;
			buildSettings = {
				ASSETCATALOG_COMPILER_APPICON_NAME = AppIcon;
				ASSETCATALOG_COMPILER_GLOBAL_ACCENT_COLOR_NAME = AccentColor;
				CODE_SIGN_STYLE = Automatic;
				CURRENT_PROJECT_VERSION = 1;
				ENABLE_PREVIEWS = YES;
				GENERATE_INFOPLIST_FILE = YES;
				INFOPLIST_KEY_UIApplicationSceneManifest_Generation = YES;
				INFOPLIST_KEY_UIApplicationSupportsIndirectInputEvents = YES;
				INFOPLIST_KEY_UILaunchScreen_Generation = YES;
				INFOPLIST_KEY_UISupportedInterfaceOrientations_iPad = "UIInterfaceOrientationPortrait UIInterfaceOrientationPortraitUpsideDown UIInterfaceOrientationLandscapeLeft UIInterfaceOrientationLandscapeRight";
				INFOPLIST_KEY_UISupportedInterfaceOrientations_iPhone = "UIInterfaceOrientationPortrait UIInterfaceOrientationLandscapeLeft UIInterfaceOrientationLandscapeRight";
				LD_RUNPATH_SEARCH_PATHS = (
					"$(inherited)",
					"@executable_path/Frameworks",
				);
				MARKETING_VERSION = 1.0;
				PRODUCT_BUNDLE_IDENTIFIER = "OneManTeam.Simple-something";
				PRODUCT_NAME = "$(TARGET_NAME)";
				SWIFT_EMIT_LOC_STRINGS = YES;
				SWIFT_VERSION = 5.0;
				TARGETED_DEVICE_FAMILY = "1,2";
			};
			name = Release;
		};
		6E84461A2E4B8F3E0034C5C9 /* Debug */ = {
			isa = XCBuildConfiguration;
			buildSettings = {
				BUNDLE_LOADER = "$(TEST_HOST)";
				CODE_SIGN_STYLE = Automatic;
				CURRENT_PROJECT_VERSION = 1;
				GENERATE_INFOPLIST_FILE = YES;
				IPHONEOS_DEPLOYMENT_TARGET = 18.5;
				MARKETING_VERSION = 1.0;
				PRODUCT_BUNDLE_IDENTIFIER = "OneManTeam.Simple-somethingTests";
				PRODUCT_NAME = "$(TARGET_NAME)";
				SWIFT_EMIT_LOC_STRINGS = NO;
				SWIFT_VERSION = 5.0;
				TARGETED_DEVICE_FAMILY = "1,2";
				TEST_HOST = "$(BUILT_PRODUCTS_DIR)/Simple-something.app/$(BUNDLE_EXECUTABLE_FOLDER_PATH)/Simple-something";
			};
			name = Debug;
		};
		6E84461B2E4B8F3E0034C5C9 /* Release */ = {
			isa = XCBuildConfiguration;
			buildSettings = {
				BUNDLE_LOADER = "$(TEST_HOST)";
				CODE_SIGN_STYLE = Automatic;
				CURRENT_PROJECT_VERSION = 1;
				GENERATE_INFOPLIST_FILE = YES;
				IPHONEOS_DEPLOYMENT_TARGET = 18.5;
				MARKETING_VERSION = 1.0;
				PRODUCT_BUNDLE_IDENTIFIER = "OneManTeam.Simple-somethingTests";
				PRODUCT_NAME = "$(TARGET_NAME)";
				SWIFT_EMIT_LOC_STRINGS = NO;
				SWIFT_VERSION = 5.0;
				TARGETED_DEVICE_FAMILY = "1,2";
				TEST_HOST = "$(BUILT_PRODUCTS_DIR)/Simple-something.app/$(BUNDLE_EXECUTABLE_FOLDER_PATH)/Simple-something";
			};
			name = Release;
		};
		6E84461D2E4B8F3E0034C5C9 /* Debug */ = {
			isa = XCBuildConfiguration;
			buildSettings = {
				CODE_SIGN_STYLE = Automatic;
				CURRENT_PROJECT_VERSION = 1;
				GENERATE_INFOPLIST_FILE = YES;
				MARKETING_VERSION = 1.0;
				PRODUCT_BUNDLE_IDENTIFIER = "OneManTeam.Simple-somethingUITests";
				PRODUCT_NAME = "$(TARGET_NAME)";
				SWIFT_EMIT_LOC_STRINGS = NO;
				SWIFT_VERSION = 5.0;
				TARGETED_DEVICE_FAMILY = "1,2";
				TEST_TARGET_NAME = "Simple-something";
			};
			name = Debug;
		};
		6E84461E2E4B8F3E0034C5C9 /* Release */ = {
			isa = XCBuildConfiguration;
			buildSettings = {
				CODE_SIGN_STYLE = Automatic;
				CURRENT_PROJECT_VERSION = 1;
				GENERATE_INFOPLIST_FILE = YES;
				MARKETING_VERSION = 1.0;
				PRODUCT_BUNDLE_IDENTIFIER = "OneManTeam.Simple-somethingUITests";
				PRODUCT_NAME = "$(TARGET_NAME)";
				SWIFT_EMIT_LOC_STRINGS = NO;
				SWIFT_VERSION = 5.0;
				TARGETED_DEVICE_FAMILY = "1,2";
				TEST_TARGET_NAME = "Simple-something";
			};
			name = Release;
		};
/* End XCBuildConfiguration section */

/* Begin XCConfigurationList section */
		6E8445F02E4B8F3C0034C5C9 /* Build configuration list for PBXProject "Simple-something" */ = {
			isa = XCConfigurationList;
			buildConfigurations = (
				6E8446142E4B8F3E0034C5C9 /* Debug */,
				6E8446152E4B8F3E0034C5C9 /* Release */,
			);
			defaultConfigurationIsVisible = 0;
			defaultConfigurationName = Release;
		};
		6E8446162E4B8F3E0034C5C9 /* Build configuration list for PBXNativeTarget "Simple-something" */ = {
			isa = XCConfigurationList;
			buildConfigurations = (
				6E8446172E4B8F3E0034C5C9 /* Debug */,
				6E8446182E4B8F3E0034C5C9 /* Release */,
			);
			defaultConfigurationIsVisible = 0;
			defaultConfigurationName = Release;
		};
		6E8446192E4B8F3E0034C5C9 /* Build configuration list for PBXNativeTarget "Simple-somethingTests" */ = {
			isa = XCConfigurationList;
			buildConfigurations = (
				6E84461A2E4B8F3E0034C5C9 /* Debug */,
				6E84461B2E4B8F3E0034C5C9 /* Release */,
			);
			defaultConfigurationIsVisible = 0;
			defaultConfigurationName = Release;
		};
		6E84461C2E4B8F3E0034C5C9 /* Build configuration list for PBXNativeTarget "Simple-somethingUITests" */ = {
			isa = XCConfigurationList;
			buildConfigurations = (
				6E84461D2E4B8F3E0034C5C9 /* Debug */,
				6E84461E2E4B8F3E0034C5C9 /* Release */,
			);
			defaultConfigurationIsVisible = 0;
			defaultConfigurationName = Release;
		};
/* End XCConfigurationList section */
	};
	rootObject = 6E8445ED2E4B8F3C0034C5C9 /* Project object */;
}
